
Microsoft Visual Studio Solution File, Format Version 12.00
# Visual Studio Version 17
VisualStudioVersion = 17.2.32616.157
MinimumVisualStudioVersion = 10.0.40219.1
Project("{2150E333-8FDC-42A3-9474-1A3956D46DE8}") = "services", "services", "{3A195176-2818-4FA4-90EB-F687B9654111}"
EndProject
Project("{2150E333-8FDC-42A3-9474-1A3956D46DE8}") = "Catalog", "Catalog", "{4A57BE39-13A8-4102-9079-5C458ED73C75}"
EndProject
Project("{9A19103F-16F7-4668-BE54-9A1E7A4F7556}") = "Catalog.API", "services\Catalog\Catalog.API\Catalog.API.csproj", "{21631B71-9D7C-4B3B-AA42-83609AB99929}"
EndProject
Project("{E53339B2-1760-4266-BCC7-CA923CBCF16C}") = "docker-compose", "docker-compose.dcproj", "{B3FD9FE8-9F81-4C86-AF0D-CC3A3031BA1C}"
EndProject
Project("{2150E333-8FDC-42A3-9474-1A3956D46DE8}") = "Basket", "Basket", "{DFA7A3F0-A1DA-4A6B-979C-C5DE8EFF3F10}"
EndProject
Project("{9A19103F-16F7-4668-BE54-9A1E7A4F7556}") = "Basket.API", "services\Basket\Basket.API\Basket.API.csproj", "{675AD687-C029-4F28-AA55-E4910E92D96C}"
EndProject
Project("{2150E333-8FDC-42A3-9474-1A3956D46DE8}") = "Discount", "Discount", "{FD8AB668-6418-4B22-92D6-9B799C36A039}"
EndProject
Project("{9A19103F-16F7-4668-BE54-9A1E7A4F7556}") = "Discount.API", "services\Discount\Discount.API\Discount.API.csproj", "{C4723E61-8D04-42BB-A503-8C7998131E27}"
EndProject
Project("{9A19103F-16F7-4668-BE54-9A1E7A4F7556}") = "Discount.Grpc", "services\Discount\Discount.Grpc\Discount.Grpc.csproj", "{6610A98C-9749-4B95-B6E8-4832B3AAFDFD}"
EndProject
Project("{2150E333-8FDC-42A3-9474-1A3956D46DE8}") = "Ordering", "Ordering", "{82581ADB-6DC5-466E-BBE1-F10B505852A2}"
EndProject
Project("{9A19103F-16F7-4668-BE54-9A1E7A4F7556}") = "Ordering.API", "services\Ordering\Ordering.API\Ordering.API.csproj", "{72FF9027-2699-41BB-9F9A-BB5DEE351C4E}"
EndProject
Project("{9A19103F-16F7-4668-BE54-9A1E7A4F7556}") = "Ordering.Domain", "services\Ordering\Ordering.Domain\Ordering.Domain.csproj", "{CB580175-DD8D-453D-A6DA-9E1A971A4915}"
EndProject
Project("{9A19103F-16F7-4668-BE54-9A1E7A4F7556}") = "Ordering.Infrastructure", "services\Ordering\Ordering.Infrastructure\Ordering.Infrastructure.csproj", "{190B7586-84AC-4E01-B7AD-BAF70282D993}"
EndProject
Project("{9A19103F-16F7-4668-BE54-9A1E7A4F7556}") = "Ordering.Application", "services\Ordering\Ordering.Application\Ordering.Application.csproj", "{20A80F07-373E-4DC1-9FCC-643DA196CBB1}"
EndProject
Project("{2150E333-8FDC-42A3-9474-1A3956D46DE8}") = "EventBus", "EventBus", "{BEA8D5F9-AE08-4729-9701-D749776769EE}"
EndProject
Project("{FAE04EC0-301F-11D3-BF4B-00C04F79EFBC}") = "EventBus.Messages", "EventBus\EventBus.Messages\EventBus.Messages.csproj", "{9AB4C140-BB73-4F24-9F8F-15E7E803A86F}"
EndProject
Global
	GlobalSection(SolutionConfigurationPlatforms) = preSolution
		Debug|Any CPU = Debug|Any CPU
		Release|Any CPU = Release|Any CPU
	EndGlobalSection
	GlobalSection(ProjectConfigurationPlatforms) = postSolution
		{21631B71-9D7C-4B3B-AA42-83609AB99929}.Debug|Any CPU.ActiveCfg = Debug|Any CPU
		{21631B71-9D7C-4B3B-AA42-83609AB99929}.Debug|Any CPU.Build.0 = Debug|Any CPU
		{21631B71-9D7C-4B3B-AA42-83609AB99929}.Release|Any CPU.ActiveCfg = Release|Any CPU
		{21631B71-9D7C-4B3B-AA42-83609AB99929}.Release|Any CPU.Build.0 = Release|Any CPU
		{B3FD9FE8-9F81-4C86-AF0D-CC3A3031BA1C}.Debug|Any CPU.ActiveCfg = Debug|Any CPU
		{B3FD9FE8-9F81-4C86-AF0D-CC3A3031BA1C}.Debug|Any CPU.Build.0 = Debug|Any CPU
		{B3FD9FE8-9F81-4C86-AF0D-CC3A3031BA1C}.Release|Any CPU.ActiveCfg = Release|Any CPU
		{B3FD9FE8-9F81-4C86-AF0D-CC3A3031BA1C}.Release|Any CPU.Build.0 = Release|Any CPU
		{675AD687-C029-4F28-AA55-E4910E92D96C}.Debug|Any CPU.ActiveCfg = Debug|Any CPU
		{675AD687-C029-4F28-AA55-E4910E92D96C}.Debug|Any CPU.Build.0 = Debug|Any CPU
		{675AD687-C029-4F28-AA55-E4910E92D96C}.Release|Any CPU.ActiveCfg = Release|Any CPU
		{675AD687-C029-4F28-AA55-E4910E92D96C}.Release|Any CPU.Build.0 = Release|Any CPU
		{C4723E61-8D04-42BB-A503-8C7998131E27}.Debug|Any CPU.ActiveCfg = Debug|Any CPU
		{C4723E61-8D04-42BB-A503-8C7998131E27}.Debug|Any CPU.Build.0 = Debug|Any CPU
		{C4723E61-8D04-42BB-A503-8C7998131E27}.Release|Any CPU.ActiveCfg = Release|Any CPU
		{C4723E61-8D04-42BB-A503-8C7998131E27}.Release|Any CPU.Build.0 = Release|Any CPU
		{6610A98C-9749-4B95-B6E8-4832B3AAFDFD}.Debug|Any CPU.ActiveCfg = Debug|Any CPU
		{6610A98C-9749-4B95-B6E8-4832B3AAFDFD}.Debug|Any CPU.Build.0 = Debug|Any CPU
		{6610A98C-9749-4B95-B6E8-4832B3AAFDFD}.Release|Any CPU.ActiveCfg = Release|Any CPU
		{6610A98C-9749-4B95-B6E8-4832B3AAFDFD}.Release|Any CPU.Build.0 = Release|Any CPU
		{72FF9027-2699-41BB-9F9A-BB5DEE351C4E}.Debug|Any CPU.ActiveCfg = Debug|Any CPU
		{72FF9027-2699-41BB-9F9A-BB5DEE351C4E}.Debug|Any CPU.Build.0 = Debug|Any CPU
		{72FF9027-2699-41BB-9F9A-BB5DEE351C4E}.Release|Any CPU.ActiveCfg = Release|Any CPU
		{72FF9027-2699-41BB-9F9A-BB5DEE351C4E}.Release|Any CPU.Build.0 = Release|Any CPU
		{CB580175-DD8D-453D-A6DA-9E1A971A4915}.Debug|Any CPU.ActiveCfg = Debug|Any CPU
		{CB580175-DD8D-453D-A6DA-9E1A971A4915}.Debug|Any CPU.Build.0 = Debug|Any CPU
		{CB580175-DD8D-453D-A6DA-9E1A971A4915}.Release|Any CPU.ActiveCfg = Release|Any CPU
		{CB580175-DD8D-453D-A6DA-9E1A971A4915}.Release|Any CPU.Build.0 = Release|Any CPU
		{190B7586-84AC-4E01-B7AD-BAF70282D993}.Debug|Any CPU.ActiveCfg = Debug|Any CPU
		{190B7586-84AC-4E01-B7AD-BAF70282D993}.Debug|Any CPU.Build.0 = Debug|Any CPU
		{190B7586-84AC-4E01-B7AD-BAF70282D993}.Release|Any CPU.ActiveCfg = Release|Any CPU
		{190B7586-84AC-4E01-B7AD-BAF70282D993}.Release|Any CPU.Build.0 = Release|Any CPU
		{20A80F07-373E-4DC1-9FCC-643DA196CBB1}.Debug|Any CPU.ActiveCfg = Debug|Any CPU
		{20A80F07-373E-4DC1-9FCC-643DA196CBB1}.Debug|Any CPU.Build.0 = Debug|Any CPU
		{20A80F07-373E-4DC1-9FCC-643DA196CBB1}.Release|Any CPU.ActiveCfg = Release|Any CPU
		{20A80F07-373E-4DC1-9FCC-643DA196CBB1}.Release|Any CPU.Build.0 = Release|Any CPU
		{9AB4C140-BB73-4F24-9F8F-15E7E803A86F}.Debug|Any CPU.ActiveCfg = Debug|Any CPU
		{9AB4C140-BB73-4F24-9F8F-15E7E803A86F}.Debug|Any CPU.Build.0 = Debug|Any CPU
		{9AB4C140-BB73-4F24-9F8F-15E7E803A86F}.Release|Any CPU.ActiveCfg = Release|Any CPU
		{9AB4C140-BB73-4F24-9F8F-15E7E803A86F}.Release|Any CPU.Build.0 = Release|Any CPU
	EndGlobalSection
	GlobalSection(SolutionProperties) = preSolution
		HideSolutionNode = FALSE
	EndGlobalSection
	GlobalSection(NestedProjects) = preSolution
		{4A57BE39-13A8-4102-9079-5C458ED73C75} = {3A195176-2818-4FA4-90EB-F687B9654111}
		{21631B71-9D7C-4B3B-AA42-83609AB99929} = {4A57BE39-13A8-4102-9079-5C458ED73C75}
		{DFA7A3F0-A1DA-4A6B-979C-C5DE8EFF3F10} = {3A195176-2818-4FA4-90EB-F687B9654111}
		{675AD687-C029-4F28-AA55-E4910E92D96C} = {DFA7A3F0-A1DA-4A6B-979C-C5DE8EFF3F10}
		{FD8AB668-6418-4B22-92D6-9B799C36A039} = {3A195176-2818-4FA4-90EB-F687B9654111}
		{C4723E61-8D04-42BB-A503-8C7998131E27} = {FD8AB668-6418-4B22-92D6-9B799C36A039}
		{6610A98C-9749-4B95-B6E8-4832B3AAFDFD} = {FD8AB668-6418-4B22-92D6-9B799C36A039}
		{82581ADB-6DC5-466E-BBE1-F10B505852A2} = {3A195176-2818-4FA4-90EB-F687B9654111}
		{72FF9027-2699-41BB-9F9A-BB5DEE351C4E} = {82581ADB-6DC5-466E-BBE1-F10B505852A2}
		{CB580175-DD8D-453D-A6DA-9E1A971A4915} = {82581ADB-6DC5-466E-BBE1-F10B505852A2}
		{190B7586-84AC-4E01-B7AD-BAF70282D993} = {82581ADB-6DC5-466E-BBE1-F10B505852A2}
		{20A80F07-373E-4DC1-9FCC-643DA196CBB1} = {82581ADB-6DC5-466E-BBE1-F10B505852A2}
		{9AB4C140-BB73-4F24-9F8F-15E7E803A86F} = {BEA8D5F9-AE08-4729-9701-D749776769EE}
	EndGlobalSection
	GlobalSection(ExtensibilityGlobals) = postSolution
		SolutionGuid = {02327BDF-CE1B-4BDA-9C5A-8280CE46B104}
	EndGlobalSection
EndGlobal
